
Microsoft Visual Studio Solution File, Format Version 12.00
# Visual Studio Version 17
VisualStudioVersion = 17.11.35312.102
MinimumVisualStudioVersion = 10.0.40219.1
Project("{FAE04EC0-301F-11D3-BF4B-00C04F79EFBC}") = "Template", "Template.csproj", "{413486FA-F6CE-4BA4-84F1-F340C9AA839D}"
EndProject
Global
	GlobalSection(SolutionConfigurationPlatforms) = preSolution
		Debug|Any CPU = Debug|Any CPU
		Release|Any CPU = Release|Any CPU
	EndGlobalSection
	GlobalSection(ProjectConfigurationPlatforms) = postSolution
		{413486FA-F6CE-4BA4-84F1-F340C9AA839D}.Debug|Any CPU.ActiveCfg = Debug|Any CPU
		{413486FA-F6CE-4BA4-84F1-F340C9AA839D}.Debug|Any CPU.Build.0 = Debug|Any CPU
		{413486FA-F6CE-4BA4-84F1-F340C9AA839D}.Release|Any CPU.ActiveCfg = Release|Any CPU
		{413486FA-F6CE-4BA4-84F1-F340C9AA839D}.Release|Any CPU.Build.0 = Release|Any CPU
	EndGlobalSection
	GlobalSection(SolutionProperties) = preSolution
		HideSolutionNode = FALSE
	EndGlobalSection
	GlobalSection(ExtensibilityGlobals) = postSolution
		SolutionGuid = {B5EAE8EE-A632-4857-A6BA-A2120794A04C}
	EndGlobalSection
EndGlobal
